// !$*UTF8*$!
{
	archiveVersion = 1;
	classes = {
	};
	objectVersion = 46;
	objects = {

/* Begin PBXBuildFile section */
		C3C08D801FBD40C1003CC7A2 /* main.m in Sources */ = {isa = PBXBuildFile; fileRef = C3C08D7F1FBD40C1003CC7A2 /* main.m */; };
		C3C08D831FBD40C1003CC7A2 /* AppDelegate.m in Sources */ = {isa = PBXBuildFile; fileRef = C3C08D821FBD40C1003CC7A2 /* AppDelegate.m */; };
		C3C08D861FBD40C1003CC7A2 /* ViewController.m in Sources */ = {isa = PBXBuildFile; fileRef = C3C08D851FBD40C1003CC7A2 /* ViewController.m */; };
		C3C08D891FBD40C1003CC7A2 /* Main.storyboard in Resources */ = {isa = PBXBuildFile; fileRef = C3C08D871FBD40C1003CC7A2 /* Main.storyboard */; };
		C3C08D8B1FBD40C1003CC7A2 /* Assets.xcassets in Resources */ = {isa = PBXBuildFile; fileRef = C3C08D8A1FBD40C1003CC7A2 /* Assets.xcassets */; };
		C3C08D8E1FBD40C1003CC7A2 /* LaunchScreen.storyboard in Resources */ = {isa = PBXBuildFile; fileRef = C3C08D8C1FBD40C1003CC7A2 /* LaunchScreen.storyboard */; };
		C3C08D991FBD40C2003CC7A2 /* ChartTestTests.m in Sources */ = {isa = PBXBuildFile; fileRef = C3C08D981FBD40C2003CC7A2 /* ChartTestTests.m */; };
		C3C08DA41FBD40C2003CC7A2 /* ChartTestUITests.m in Sources */ = {isa = PBXBuildFile; fileRef = C3C08DA31FBD40C2003CC7A2 /* ChartTestUITests.m */; };
/* End PBXBuildFile section */

/* Begin PBXContainerItemProxy section */
		C3C08D951FBD40C2003CC7A2 /* PBXContainerItemProxy */ = {
			isa = PBXContainerItemProxy;
			containerPortal = C3C08D731FBD40C1003CC7A2 /* Project object */;
			proxyType = 1;
			remoteGlobalIDString = C3C08D7A1FBD40C1003CC7A2;
			remoteInfo = ChartTest;
		};
		C3C08DA01FBD40C2003CC7A2 /* PBXContainerItemProxy */ = {
			isa = PBXContainerItemProxy;
			containerPortal = C3C08D731FBD40C1003CC7A2 /* Project object */;
			proxyType = 1;
			remoteGlobalIDString = C3C08D7A1FBD40C1003CC7A2;
			remoteInfo = ChartTest;
		};
/* End PBXContainerItemProxy section */

/* Begin PBXFileReference section */
		C3C08D7B1FBD40C1003CC7A2 /* ChartTest.app */ = {isa = PBXFileReference; explicitFileType = wrapper.application; includeInIndex = 0; path = ChartTest.app; sourceTree = BUILT_PRODUCTS_DIR; };
		C3C08D7F1FBD40C1003CC7A2 /* main.m */ = {isa = PBXFileReference; lastKnownFileType = sourcecode.c.objc; path = main.m; sourceTree = "<group>"; };
		C3C08D811FBD40C1003CC7A2 /* AppDelegate.h */ = {isa = PBXFileReference; lastKnownFileType = sourcecode.c.h; path = AppDelegate.h; sourceTree = "<group>"; };
		C3C08D821FBD40C1003CC7A2 /* AppDelegate.m */ = {isa = PBXFileReference; lastKnownFileType = sourcecode.c.objc; path = AppDelegate.m; sourceTree = "<group>"; };
		C3C08D841FBD40C1003CC7A2 /* ViewController.h */ = {isa = PBXFileReference; lastKnownFileType = sourcecode.c.h; path = ViewController.h; sourceTree = "<group>"; };
		C3C08D851FBD40C1003CC7A2 /* ViewController.m */ = {isa = PBXFileReference; lastKnownFileType = sourcecode.c.objc; path = ViewController.m; sourceTree = "<group>"; };
		C3C08D881FBD40C1003CC7A2 /* Base */ = {isa = PBXFileReference; lastKnownFileType = file.storyboard; name = Base; path = Base.lproj/Main.storyboard; sourceTree = "<group>"; };
		C3C08D8A1FBD40C1003CC7A2 /* Assets.xcassets */ = {isa = PBXFileReference; lastKnownFileType = folder.assetcatalog; path = Assets.xcassets; sourceTree = "<group>"; };
		C3C08D8D1FBD40C1003CC7A2 /* Base */ = {isa = PBXFileReference; lastKnownFileType = file.storyboard; name = Base; path = Base.lproj/LaunchScreen.storyboard; sourceTree = "<group>"; };
		C3C08D8F1FBD40C1003CC7A2 /* Info.plist */ = {isa = PBXFileReference; lastKnownFileType = text.plist.xml; path = Info.plist; sourceTree = "<group>"; };
		C3C08D941FBD40C2003CC7A2 /* ChartTestTests.xctest */ = {isa = PBXFileReference; explicitFileType = wrapper.cfbundle; includeInIndex = 0; path = ChartTestTests.xctest; sourceTree = BUILT_PRODUCTS_DIR; };
		C3C08D981FBD40C2003CC7A2 /* ChartTestTests.m */ = {isa = PBXFileReference; lastKnownFileType = sourcecode.c.objc; path = ChartTestTests.m; sourceTree = "<group>"; };
		C3C08D9A1FBD40C2003CC7A2 /* Info.plist */ = {isa = PBXFileReference; lastKnownFileType = text.plist.xml; path = Info.plist; sourceTree = "<group>"; };
		C3C08D9F1FBD40C2003CC7A2 /* ChartTestUITests.xctest */ = {isa = PBXFileReference; explicitFileType = wrapper.cfbundle; includeInIndex = 0; path = ChartTestUITests.xctest; sourceTree = BUILT_PRODUCTS_DIR; };
		C3C08DA31FBD40C2003CC7A2 /* ChartTestUITests.m */ = {isa = PBXFileReference; lastKnownFileType = sourcecode.c.objc; path = ChartTestUITests.m; sourceTree = "<group>"; };
		C3C08DA51FBD40C2003CC7A2 /* Info.plist */ = {isa = PBXFileReference; lastKnownFileType = text.plist.xml; path = Info.plist; sourceTree = "<group>"; };
/* End PBXFileReference section */

/* Begin PBXFrameworksBuildPhase section */
		C3C08D781FBD40C1003CC7A2 /* Frameworks */ = {
			isa = PBXFrameworksBuildPhase;
			buildActionMask = 2147483647;
			files = (
			);
			runOnlyForDeploymentPostprocessing = 0;
		};
		C3C08D911FBD40C2003CC7A2 /* Frameworks */ = {
			isa = PBXFrameworksBuildPhase;
			buildActionMask = 2147483647;
			files = (
			);
			runOnlyForDeploymentPostprocessing = 0;
		};
		C3C08D9C1FBD40C2003CC7A2 /* Frameworks */ = {
			isa = PBXFrameworksBuildPhase;
			buildActionMask = 2147483647;
			files = (
			);
			runOnlyForDeploymentPostprocessing = 0;
		};
/* End PBXFrameworksBuildPhase section */

/* Begin PBXGroup section */
		C3C08D721FBD40C1003CC7A2 = {
			isa = PBXGroup;
			children = (
				C3C08D7D1FBD40C1003CC7A2 /* ChartTest */,
				C3C08D971FBD40C2003CC7A2 /* ChartTestTests */,
				C3C08DA21FBD40C2003CC7A2 /* ChartTestUITests */,
				C3C08D7C1FBD40C1003CC7A2 /* Products */,
			);
			sourceTree = "<group>";
		};
		C3C08D7C1FBD40C1003CC7A2 /* Products */ = {
			isa = PBXGroup;
			children = (
				C3C08D7B1FBD40C1003CC7A2 /* ChartTest.app */,
				C3C08D941FBD40C2003CC7A2 /* ChartTestTests.xctest */,
				C3C08D9F1FBD40C2003CC7A2 /* ChartTestUITests.xctest */,
			);
			name = Products;
			sourceTree = "<group>";
		};
		C3C08D7D1FBD40C1003CC7A2 /* ChartTest */ = {
			isa = PBXGroup;
			children = (
				C3C08D811FBD40C1003CC7A2 /* AppDelegate.h */,
				C3C08D821FBD40C1003CC7A2 /* AppDelegate.m */,
				C3C08D841FBD40C1003CC7A2 /* ViewController.h */,
				C3C08D851FBD40C1003CC7A2 /* ViewController.m */,
				C3C08D871FBD40C1003CC7A2 /* Main.storyboard */,
				C3C08D8A1FBD40C1003CC7A2 /* Assets.xcassets */,
				C3C08D8C1FBD40C1003CC7A2 /* LaunchScreen.storyboard */,
				C3C08D8F1FBD40C1003CC7A2 /* Info.plist */,
				C3C08D7E1FBD40C1003CC7A2 /* Supporting Files */,
			);
			path = ChartTest;
			sourceTree = "<group>";
		};
		C3C08D7E1FBD40C1003CC7A2 /* Supporting Files */ = {
			isa = PBXGroup;
			children = (
				C3C08D7F1FBD40C1003CC7A2 /* main.m */,
			);
			name = "Supporting Files";
			sourceTree = "<group>";
		};
		C3C08D971FBD40C2003CC7A2 /* ChartTestTests */ = {
			isa = PBXGroup;
			children = (
				C3C08D981FBD40C2003CC7A2 /* ChartTestTests.m */,
				C3C08D9A1FBD40C2003CC7A2 /* Info.plist */,
			);
			path = ChartTestTests;
			sourceTree = "<group>";
		};
		C3C08DA21FBD40C2003CC7A2 /* ChartTestUITests */ = {
			isa = PBXGroup;
			children = (
				C3C08DA31FBD40C2003CC7A2 /* ChartTestUITests.m */,
				C3C08DA51FBD40C2003CC7A2 /* Info.plist */,
			);
			path = ChartTestUITests;
			sourceTree = "<group>";
		};
/* End PBXGroup section */

/* Begin PBXNativeTarget section */
		C3C08D7A1FBD40C1003CC7A2 /* ChartTest */ = {
			isa = PBXNativeTarget;
			buildConfigurationList = C3C08DA81FBD40C2003CC7A2 /* Build configuration list for PBXNativeTarget "ChartTest" */;
			buildPhases = (
				C3C08D771FBD40C1003CC7A2 /* Sources */,
				C3C08D781FBD40C1003CC7A2 /* Frameworks */,
				C3C08D791FBD40C1003CC7A2 /* Resources */,
			);
			buildRules = (
			);
			dependencies = (
			);
			name = ChartTest;
			productName = ChartTest;
			productReference = C3C08D7B1FBD40C1003CC7A2 /* ChartTest.app */;
			productType = "com.apple.product-type.application";
		};
		C3C08D931FBD40C2003CC7A2 /* ChartTestTests */ = {
			isa = PBXNativeTarget;
			buildConfigurationList = C3C08DAB1FBD40C2003CC7A2 /* Build configuration list for PBXNativeTarget "ChartTestTests" */;
			buildPhases = (
				C3C08D901FBD40C2003CC7A2 /* Sources */,
				C3C08D911FBD40C2003CC7A2 /* Frameworks */,
				C3C08D921FBD40C2003CC7A2 /* Resources */,
			);
			buildRules = (
			);
			dependencies = (
				C3C08D961FBD40C2003CC7A2 /* PBXTargetDependency */,
			);
			name = ChartTestTests;
			productName = ChartTestTests;
			productReference = C3C08D941FBD40C2003CC7A2 /* ChartTestTests.xctest */;
			productType = "com.apple.product-type.bundle.unit-test";
		};
		C3C08D9E1FBD40C2003CC7A2 /* ChartTestUITests */ = {
			isa = PBXNativeTarget;
			buildConfigurationList = C3C08DAE1FBD40C2003CC7A2 /* Build configuration list for PBXNativeTarget "ChartTestUITests" */;
			buildPhases = (
				C3C08D9B1FBD40C2003CC7A2 /* Sources */,
				C3C08D9C1FBD40C2003CC7A2 /* Frameworks */,
				C3C08D9D1FBD40C2003CC7A2 /* Resources */,
			);
			buildRules = (
			);
			dependencies = (
				C3C08DA11FBD40C2003CC7A2 /* PBXTargetDependency */,
			);
			name = ChartTestUITests;
			productName = ChartTestUITests;
			productReference = C3C08D9F1FBD40C2003CC7A2 /* ChartTestUITests.xctest */;
			productType = "com.apple.product-type.bundle.ui-testing";
		};
/* End PBXNativeTarget section */

/* Begin PBXProject section */
		C3C08D731FBD40C1003CC7A2 /* Project object */ = {
			isa = PBXProject;
			attributes = {
				LastUpgradeCheck = 0830;
				ORGANIZATIONNAME = "凯恩斯";
				TargetAttributes = {
					C3C08D7A1FBD40C1003CC7A2 = {
						CreatedOnToolsVersion = 8.3.2;
						DevelopmentTeam = 396PHUL9U3;
						ProvisioningStyle = Automatic;
					};
					C3C08D931FBD40C2003CC7A2 = {
						CreatedOnToolsVersion = 8.3.2;
						DevelopmentTeam = 396PHUL9U3;
						ProvisioningStyle = Automatic;
						TestTargetID = C3C08D7A1FBD40C1003CC7A2;
					};
					C3C08D9E1FBD40C2003CC7A2 = {
						CreatedOnToolsVersion = 8.3.2;
						DevelopmentTeam = 396PHUL9U3;
						ProvisioningStyle = Automatic;
						TestTargetID = C3C08D7A1FBD40C1003CC7A2;
					};
				};
			};
			buildConfigurationList = C3C08D761FBD40C1003CC7A2 /* Build configuration list for PBXProject "ChartTest" */;
			compatibilityVersion = "Xcode 3.2";
			developmentRegion = English;
			hasScannedForEncodings = 0;
			knownRegions = (
				en,
				Base,
			);
			mainGroup = C3C08D721FBD40C1003CC7A2;
			productRefGroup = C3C08D7C1FBD40C1003CC7A2 /* Products */;
			projectDirPath = "";
			projectRoot = "";
			targets = (
				C3C08D7A1FBD40C1003CC7A2 /* ChartTest */,
				C3C08D931FBD40C2003CC7A2 /* ChartTestTests */,
				C3C08D9E1FBD40C2003CC7A2 /* ChartTestUITests */,
			);
		};
/* End PBXProject section */

/* Begin PBXResourcesBuildPhase section */
		C3C08D791FBD40C1003CC7A2 /* Resources */ = {
			isa = PBXResourcesBuildPhase;
			buildActionMask = 2147483647;
			files = (
				C3C08D8E1FBD40C1003CC7A2 /* LaunchScreen.storyboard in Resources */,
				C3C08D8B1FBD40C1003CC7A2 /* Assets.xcassets in Resources */,
				C3C08D891FBD40C1003CC7A2 /* Main.storyboard in Resources */,
			);
			runOnlyForDeploymentPostprocessing = 0;
		};
		C3C08D921FBD40C2003CC7A2 /* Resources */ = {
			isa = PBXResourcesBuildPhase;
			buildActionMask = 2147483647;
			files = (
			);
			runOnlyForDeploymentPostprocessing = 0;
		};
		C3C08D9D1FBD40C2003CC7A2 /* Resources */ = {
			isa = PBXResourcesBuildPhase;
			buildActionMask = 2147483647;
			files = (
			);
			runOnlyForDeploymentPostprocessing = 0;
		};
/* End PBXResourcesBuildPhase section */

/* Begin PBXSourcesBuildPhase section */
		C3C08D771FBD40C1003CC7A2 /* Sources */ = {
			isa = PBXSourcesBuildPhase;
			buildActionMask = 2147483647;
			files = (
				C3C08D861FBD40C1003CC7A2 /* ViewController.m in Sources */,
				C3C08D831FBD40C1003CC7A2 /* AppDelegate.m in Sources */,
				C3C08D801FBD40C1003CC7A2 /* main.m in Sources */,
			);
			runOnlyForDeploymentPostprocessing = 0;
		};
		C3C08D901FBD40C2003CC7A2 /* Sources */ = {
			isa = PBXSourcesBuildPhase;
			buildActionMask = 2147483647;
			files = (
				C3C08D991FBD40C2003CC7A2 /* ChartTestTests.m in Sources */,
			);
			runOnlyForDeploymentPostprocessing = 0;
		};
		C3C08D9B1FBD40C2003CC7A2 /* Sources */ = {
			isa = PBXSourcesBuildPhase;
			buildActionMask = 2147483647;
			files = (
				C3C08DA41FBD40C2003CC7A2 /* ChartTestUITests.m in Sources */,
			);
			runOnlyForDeploymentPostprocessing = 0;
		};
/* End PBXSourcesBuildPhase section */

/* Begin PBXTargetDependency section */
		C3C08D961FBD40C2003CC7A2 /* PBXTargetDependency */ = {
			isa = PBXTargetDependency;
			target = C3C08D7A1FBD40C1003CC7A2 /* ChartTest */;
			targetProxy = C3C08D951FBD40C2003CC7A2 /* PBXContainerItemProxy */;
		};
		C3C08DA11FBD40C2003CC7A2 /* PBXTargetDependency */ = {
			isa = PBXTargetDependency;
			target = C3C08D7A1FBD40C1003CC7A2 /* ChartTest */;
			targetProxy = C3C08DA01FBD40C2003CC7A2 /* PBXContainerItemProxy */;
		};
/* End PBXTargetDependency section */

/* Begin PBXVariantGroup section */
		C3C08D871FBD40C1003CC7A2 /* Main.storyboard */ = {
			isa = PBXVariantGroup;
			children = (
				C3C08D881FBD40C1003CC7A2 /* Base */,
			);
			name = Main.storyboard;
			sourceTree = "<group>";
		};
		C3C08D8C1FBD40C1003CC7A2 /* LaunchScreen.storyboard */ = {
			isa = PBXVariantGroup;
			children = (
				C3C08D8D1FBD40C1003CC7A2 /* Base */,
			);
			name = LaunchScreen.storyboard;
			sourceTree = "<group>";
		};
/* End PBXVariantGroup section */

/* Begin XCBuildConfiguration section */
		C3C08DA61FBD40C2003CC7A2 /* Debug */ = {
			isa = XCBuildConfiguration;
			buildSettings = {
				ALWAYS_SEARCH_USER_PATHS = NO;
				CLANG_ANALYZER_NONNULL = YES;
				CLANG_ANALYZER_NUMBER_OBJECT_CONVERSION = YES_AGGRESSIVE;
				CLANG_CXX_LANGUAGE_STANDARD = "gnu++0x";
				CLANG_CXX_LIBRARY = "libc++";
				CLANG_ENABLE_MODULES = YES;
				CLANG_ENABLE_OBJC_ARC = YES;
				CLANG_WARN_BOOL_CONVERSION = YES;
				CLANG_WARN_CONSTANT_CONVERSION = YES;
				CLANG_WARN_DIRECT_OBJC_ISA_USAGE = YES_ERROR;
				CLANG_WARN_DOCUMENTATION_COMMENTS = YES;
				CLANG_WARN_EMPTY_BODY = YES;
				CLANG_WARN_ENUM_CONVERSION = YES;
				CLANG_WARN_INFINITE_RECURSION = YES;
				CLANG_WARN_INT_CONVERSION = YES;
				CLANG_WARN_OBJC_ROOT_CLASS = YES_ERROR;
				CLANG_WARN_SUSPICIOUS_MOVE = YES;
				CLANG_WARN_UNREACHABLE_CODE = YES;
				CLANG_WARN__DUPLICATE_METHOD_MATCH = YES;
				"CODE_SIGN_IDENTITY[sdk=iphoneos*]" = "iPhone Developer";
				COPY_PHASE_STRIP = NO;
				DEBUG_INFORMATION_FORMAT = dwarf;
				ENABLE_STRICT_OBJC_MSGSEND = YES;
				ENABLE_TESTABILITY = YES;
				GCC_C_LANGUAGE_STANDARD = gnu99;
				GCC_DYNAMIC_NO_PIC = NO;
				GCC_NO_COMMON_BLOCKS = YES;
				GCC_OPTIMIZATION_LEVEL = 0;
				GCC_PREPROCESSOR_DEFINITIONS = (
					"DEBUG=1",
					"$(inherited)",
				);
				GCC_WARN_64_TO_32_BIT_CONVERSION = YES;
				GCC_WARN_ABOUT_RETURN_TYPE = YES_ERROR;
				GCC_WARN_UNDECLARED_SELECTOR = YES;
				GCC_WARN_UNINITIALIZED_AUTOS = YES_AGGRESSIVE;
				GCC_WARN_UNUSED_FUNCTION = YES;
				GCC_WARN_UNUSED_VARIABLE = YES;
				IPHONEOS_DEPLOYMENT_TARGET = 10.3;
				MTL_ENABLE_DEBUG_INFO = YES;
				ONLY_ACTIVE_ARCH = YES;
				SDKROOT = iphoneos;
			};
			name = Debug;
		};
		C3C08DA71FBD40C2003CC7A2 /* Release */ = {
			isa = XCBuildConfiguration;
			buildSettings = {
				ALWAYS_SEARCH_USER_PATHS = NO;
				CLANG_ANALYZER_NONNULL = YES;
				CLANG_ANALYZER_NUMBER_OBJECT_CONVERSION = YES_AGGRESSIVE;
				CLANG_CXX_LANGUAGE_STANDARD = "gnu++0x";
				CLANG_CXX_LIBRARY = "libc++";
				CLANG_ENABLE_MODULES = YES;
				CLANG_ENABLE_OBJC_ARC = YES;
				CLANG_WARN_BOOL_CONVERSION = YES;
				CLANG_WARN_CONSTANT_CONVERSION = YES;
				CLANG_WARN_DIRECT_OBJC_ISA_USAGE = YES_ERROR;
				CLANG_WARN_DOCUMENTATION_COMMENTS = YES;
				CLANG_WARN_EMPTY_BODY = YES;
				CLANG_WARN_ENUM_CONVERSION = YES;
				CLANG_WARN_INFINITE_RECURSION = YES;
				CLANG_WARN_INT_CONVERSION = YES;
				CLANG_WARN_OBJC_ROOT_CLASS = YES_ERROR;
				CLANG_WARN_SUSPICIOUS_MOVE = YES;
				CLANG_WARN_UNREACHABLE_CODE = YES;
				CLANG_WARN__DUPLICATE_METHOD_MATCH = YES;
				"CODE_SIGN_IDENTITY[sdk=iphoneos*]" = "iPhone Developer";
				COPY_PHASE_STRIP = NO;
				DEBUG_INFORMATION_FORMAT = "dwarf-with-dsym";
				ENABLE_NS_ASSERTIONS = NO;
				ENABLE_STRICT_OBJC_MSGSEND = YES;
				GCC_C_LANGUAGE_STANDARD = gnu99;
				GCC_NO_COMMON_BLOCKS = YES;
				GCC_WARN_64_TO_32_BIT_CONVERSION = YES;
				GCC_WARN_ABOUT_RETURN_TYPE = YES_ERROR;
				GCC_WARN_UNDECLARED_SELECTOR = YES;
				GCC_WARN_UNINITIALIZED_AUTOS = YES_AGGRESSIVE;
				GCC_WARN_UNUSED_FUNCTION = YES;
				GCC_WARN_UNUSED_VARIABLE = YES;
				IPHONEOS_DEPLOYMENT_TARGET = 10.3;
				MTL_ENABLE_DEBUG_INFO = NO;
				SDKROOT = iphoneos;
				VALIDATE_PRODUCT = YES;
			};
			name = Release;
		};
		C3C08DA91FBD40C2003CC7A2 /* Debug */ = {
			isa = XCBuildConfiguration;
			buildSettings = {
				ASSETCATALOG_COMPILER_APPICON_NAME = AppIcon;
				DEVELOPMENT_TEAM = 396PHUL9U3;
				INFOPLIST_FILE = ChartTest/Info.plist;
				LD_RUNPATH_SEARCH_PATHS = "$(inherited) @executable_path/Frameworks";
				PRODUCT_BUNDLE_IDENTIFIER = com.keynesassetFP.ChartTest;
				PRODUCT_NAME = "$(TARGET_NAME)";
			};
			name = Debug;
		};
		C3C08DAA1FBD40C2003CC7A2 /* Release */ = {
			isa = XCBuildConfiguration;
			buildSettings = {
				ASSETCATALOG_COMPILER_APPICON_NAME = AppIcon;
				DEVELOPMENT_TEAM = 396PHUL9U3;
				INFOPLIST_FILE = ChartTest/Info.plist;
				LD_RUNPATH_SEARCH_PATHS = "$(inherited) @executable_path/Frameworks";
				PRODUCT_BUNDLE_IDENTIFIER = com.keynesassetFP.ChartTest;
				PRODUCT_NAME = "$(TARGET_NAME)";
			};
			name = Release;
		};
		C3C08DAC1FBD40C2003CC7A2 /* Debug */ = {
			isa = XCBuildConfiguration;
			buildSettings = {
				BUNDLE_LOADER = "$(TEST_HOST)";
				DEVELOPMENT_TEAM = 396PHUL9U3;
				INFOPLIST_FILE = ChartTestTests/Info.plist;
				LD_RUNPATH_SEARCH_PATHS = "$(inherited) @executable_path/Frameworks @loader_path/Frameworks";
				PRODUCT_BUNDLE_IDENTIFIER = com.keynesassetFP.ChartTestTests;
				PRODUCT_NAME = "$(TARGET_NAME)";
				TEST_HOST = "$(BUILT_PRODUCTS_DIR)/ChartTest.app/ChartTest";
			};
			name = Debug;
		};
		C3C08DAD1FBD40C2003CC7A2 /* Release */ = {
			isa = XCBuildConfiguration;
			buildSettings = {
				BUNDLE_LOADER = "$(TEST_HOST)";
				DEVELOPMENT_TEAM = 396PHUL9U3;
				INFOPLIST_FILE = ChartTestTests/Info.plist;
				LD_RUNPATH_SEARCH_PATHS = "$(inherited) @executable_path/Frameworks @loader_path/Frameworks";
				PRODUCT_BUNDLE_IDENTIFIER = com.keynesassetFP.ChartTestTests;
				PRODUCT_NAME = "$(TARGET_NAME)";
				TEST_HOST = "$(BUILT_PRODUCTS_DIR)/ChartTest.app/ChartTest";
			};
			name = Release;
		};
		C3C08DAF1FBD40C2003CC7A2 /* Debug */ = {
			isa = XCBuildConfiguration;
			buildSettings = {
				DEVELOPMENT_TEAM = 396PHUL9U3;
				INFOPLIST_FILE = ChartTestUITests/Info.plist;
				LD_RUNPATH_SEARCH_PATHS = "$(inherited) @executable_path/Frameworks @loader_path/Frameworks";
				PRODUCT_BUNDLE_IDENTIFIER = com.keynesassetFP.ChartTestUITests;
				PRODUCT_NAME = "$(TARGET_NAME)";
				TEST_TARGET_NAME = ChartTest;
			};
			name = Debug;
		};
		C3C08DB01FBD40C2003CC7A2 /* Release */ = {
			isa = XCBuildConfiguration;
			buildSettings = {
				DEVELOPMENT_TEAM = 396PHUL9U3;
				INFOPLIST_FILE = ChartTestUITests/Info.plist;
				LD_RUNPATH_SEARCH_PATHS = "$(inherited) @executable_path/Frameworks @loader_path/Frameworks";
				PRODUCT_BUNDLE_IDENTIFIER = com.keynesassetFP.ChartTestUITests;
				PRODUCT_NAME = "$(TARGET_NAME)";
				TEST_TARGET_NAME = ChartTest;
			};
			name = Release;
		};
/* End XCBuildConfiguration section */

/* Begin XCConfigurationList section */
		C3C08D761FBD40C1003CC7A2 /* Build configuration list for PBXProject "ChartTest" */ = {
			isa = XCConfigurationList;
			buildConfigurations = (
				C3C08DA61FBD40C2003CC7A2 /* Debug */,
				C3C08DA71FBD40C2003CC7A2 /* Release */,
			);
			defaultConfigurationIsVisible = 0;
			defaultConfigurationName = Release;
		};
		C3C08DA81FBD40C2003CC7A2 /* Build configuration list for PBXNativeTarget "ChartTest" */ = {
			isa = XCConfigurationList;
			buildConfigurations = (
				C3C08DA91FBD40C2003CC7A2 /* Debug */,
				C3C08DAA1FBD40C2003CC7A2 /* Release */,
			);
			defaultConfigurationIsVisible = 0;
		};
		C3C08DAB1FBD40C2003CC7A2 /* Build configuration list for PBXNativeTarget "ChartTestTests" */ = {
			isa = XCConfigurationList;
			buildConfigurations = (
				C3C08DAC1FBD40C2003CC7A2 /* Debug */,
				C3C08DAD1FBD40C2003CC7A2 /* Release */,
			);
			defaultConfigurationIsVisible = 0;
		};
		C3C08DAE1FBD40C2003CC7A2 /* Build configuration list for PBXNativeTarget "ChartTestUITests" */ = {
			isa = XCConfigurationList;
			buildConfigurations = (
				C3C08DAF1FBD40C2003CC7A2 /* Debug */,
				C3C08DB01FBD40C2003CC7A2 /* Release */,
			);
			defaultConfigurationIsVisible = 0;
		};
/* End XCConfigurationList section */
	};
	rootObject = C3C08D731FBD40C1003CC7A2 /* Project object */;
}
